
Microsoft Visual Studio Solution File, Format Version 12.00
# Visual Studio 15
VisualStudioVersion = 15.0.27130.2003
MinimumVisualStudioVersion = 10.0.40219.1
Project("{FAE04EC0-301F-11D3-BF4B-00C04F79EFBC}") = "LibraryManageSystem", "LibraryManageSystem\LibraryManageSystem.csproj", "{C191FCF9-3BA7-48D6-8F56-A66054E451FD}"
EndProject
Project("{FAE04EC0-301F-11D3-BF4B-00C04F79EFBC}") = "LibraryManagementWebAPI", "LibraryManagementWebAPI\LibraryManagementWebAPI.csproj", "{3D164C45-78BB-48F2-96A7-D76741B11645}"
EndProject
Global
	GlobalSection(SolutionConfigurationPlatforms) = preSolution
		Debug|Any CPU = Debug|Any CPU
		Release|Any CPU = Release|Any CPU
	EndGlobalSection
	GlobalSection(ProjectConfigurationPlatforms) = postSolution
		{C191FCF9-3BA7-48D6-8F56-A66054E451FD}.Debug|Any CPU.ActiveCfg = Debug|Any CPU
		{C191FCF9-3BA7-48D6-8F56-A66054E451FD}.Debug|Any CPU.Build.0 = Debug|Any CPU
		{C191FCF9-3BA7-48D6-8F56-A66054E451FD}.Release|Any CPU.ActiveCfg = Release|Any CPU
		{C191FCF9-3BA7-48D6-8F56-A66054E451FD}.Release|Any CPU.Build.0 = Release|Any CPU
		{3D164C45-78BB-48F2-96A7-D76741B11645}.Debug|Any CPU.ActiveCfg = Debug|Any CPU
		{3D164C45-78BB-48F2-96A7-D76741B11645}.Debug|Any CPU.Build.0 = Debug|Any CPU
		{3D164C45-78BB-48F2-96A7-D76741B11645}.Release|Any CPU.ActiveCfg = Release|Any CPU
		{3D164C45-78BB-48F2-96A7-D76741B11645}.Release|Any CPU.Build.0 = Release|Any CPU
	EndGlobalSection
	GlobalSection(SolutionProperties) = preSolution
		HideSolutionNode = FALSE
	EndGlobalSection
	GlobalSection(ExtensibilityGlobals) = postSolution
		SolutionGuid = {7D4FCDAC-45BC-4A92-8254-BA326F497057}
	EndGlobalSection
EndGlobal
